
Microsoft Visual Studio Solution File, Format Version 12.00
# Visual Studio Version 16
VisualStudioVersion = 16.0.28803.352
MinimumVisualStudioVersion = 10.0.40219.1
Project("{FAE04EC0-301F-11D3-BF4B-00C04F79EFBC}") = "Parcial2-RafaelAbreu", "Parcial2-RafaelAbreu.csproj", "{8C30BE1D-BDA5-4955-A036-FCEEB68954DE}"
EndProject
Global
	GlobalSection(SolutionConfigurationPlatforms) = preSolution
		Debug|Any CPU = Debug|Any CPU
		Release|Any CPU = Release|Any CPU
	EndGlobalSection
	GlobalSection(ProjectConfigurationPlatforms) = postSolution
		{8C30BE1D-BDA5-4955-A036-FCEEB68954DE}.Debug|Any CPU.ActiveCfg = Debug|Any CPU
		{8C30BE1D-BDA5-4955-A036-FCEEB68954DE}.Debug|Any CPU.Build.0 = Debug|Any CPU
		{8C30BE1D-BDA5-4955-A036-FCEEB68954DE}.Release|Any CPU.ActiveCfg = Release|Any CPU
		{8C30BE1D-BDA5-4955-A036-FCEEB68954DE}.Release|Any CPU.Build.0 = Release|Any CPU
	EndGlobalSection
	GlobalSection(SolutionProperties) = preSolution
		HideSolutionNode = FALSE
	EndGlobalSection
	GlobalSection(ExtensibilityGlobals) = postSolution
		SolutionGuid = {6CA1B712-1277-4336-951E-FFEE481733DA}
	EndGlobalSection
EndGlobal
